# THIS IS AN AUTOGENERATED FILE. DO NOT EDIT THIS FILE DIRECTLY.
# yarn lockfile v1


"@esbuild/darwin-x64@0.18.6":
  version "0.18.6"
  resolved "https://registry.npmjs.org/@esbuild/darwin-x64/-/darwin-x64-0.18.6.tgz"
  integrity sha512-L7IQga2pDT+14Ti8HZwsVfbCjuKP4U213T3tuPggOzyK/p4KaUJxQFXJgfUFHKzU0zOXx8QcYRYZf0hSQtppkw==

"@hotwired/stimulus@^3.2.1":
  version "3.2.1"
  resolved "https://registry.npmjs.org/@hotwired/stimulus/-/stimulus-3.2.1.tgz"
  integrity sha512-HGlzDcf9vv/EQrMJ5ZG6VWNs8Z/xMN+1o2OhV1gKiSG6CqZt5MCBB1gRg5ILiN3U0jEAxuDTNPRfBcnZBDmupQ==

"@hotwired/turbo-rails@^7.3.0":
  version "7.3.0"
  resolved "https://registry.npmjs.org/@hotwired/turbo-rails/-/turbo-rails-7.3.0.tgz"
  integrity sha512-fvhO64vp/a2UVQ3jue9WTc2JisMv9XilIC7ViZmXAREVwiQ2S4UC7Go8f9A1j4Xu7DBI6SbFdqILk5ImqVoqyA==
  dependencies:
    "@hotwired/turbo" "^7.3.0"
    "@rails/actioncable" "^7.0"

"@hotwired/turbo@^7.3.0":
  version "7.3.0"
  resolved "https://registry.npmjs.org/@hotwired/turbo/-/turbo-7.3.0.tgz"
  integrity sha512-Dcu+NaSvHLT7EjrDrkEmH4qET2ZJZ5IcCWmNXxNQTBwlnE5tBZfN6WxZ842n5cHV52DH/AKNirbPBtcEXDLW4g==

"@rails/actioncable@^7.0":
  version "7.0.5"
  resolved "https://registry.npmjs.org/@rails/actioncable/-/actioncable-7.0.5.tgz"
  integrity sha512-SOBA2heB9lTw0VYIx8M/ed7inSf4I9sR8OIlJprhgkfQ3WJtrxPJ6DDATR1Z3RYaIR7HlT2Olj08v1lfGIGuHA==

autoprefixer@^10.4.14:
  version "10.4.14"
  resolved "https://registry.npmjs.org/autoprefixer/-/autoprefixer-10.4.14.tgz"
  integrity sha512-FQzyfOsTlwVzjHxKEqRIAdJx9niO6VCBCoEwax/VLSoQF29ggECcPuBqUMZ+u8jCZOPSy8b8/8KnuFbp0SaFZQ==
  dependencies:
    browserslist "^4.21.5"
    caniuse-lite "^1.0.30001464"
    fraction.js "^4.2.0"
    normalize-range "^0.1.2"
    picocolors "^1.0.0"
    postcss-value-parser "^4.2.0"

browserslist@^4.21.5, "browserslist@>= 4.21.0":
  version "4.21.9"
  resolved "https://registry.npmjs.org/browserslist/-/browserslist-4.21.9.tgz"
  integrity sha512-M0MFoZzbUrRU4KNfCrDLnvyE7gub+peetoTid3TBIqtunaDJyXlwhakT+/VkvSXcfIzFfK/nkCs4nmyTmxdNSg==
  dependencies:
    caniuse-lite "^1.0.30001503"
    electron-to-chromium "^1.4.431"
    node-releases "^2.0.12"
    update-browserslist-db "^1.0.11"

call-bind@^1.0.2:
  version "1.0.2"
  resolved "https://registry.npmjs.org/call-bind/-/call-bind-1.0.2.tgz"
  integrity sha512-7O+FbCihrB5WGbFYesctwmTKae6rOiIzmz1icreWJ+0aA7LJfuqhEso2T9ncpcFtzMQtzXf2QGGueWJGTYsqrA==
  dependencies:
    function-bind "^1.1.1"
    get-intrinsic "^1.0.2"

caniuse-lite@^1.0.30001464, caniuse-lite@^1.0.30001503:
  version "1.0.30001507"
  resolved "https://registry.npmjs.org/caniuse-lite/-/caniuse-lite-1.0.30001507.tgz"
  integrity sha512-SFpUDoSLCaE5XYL2jfqe9ova/pbQHEmbheDf5r4diNwbAgR3qxM9NQtfsiSscjqoya5K7kFcHPUQ+VsUkIJR4A==

clone@^2.1.1:
  version "2.1.2"
  resolved "https://registry.npmjs.org/clone/-/clone-2.1.2.tgz"
  integrity sha512-3Pe/CF1Nn94hyhIYpjtiLhdCoEoz0DqQ+988E9gmeEdQZlojxnOb74wctFyuwWQHzqyf9X7C7MG8juUpqBJT8w==

deep-equal@^1.0.1:
  version "1.1.1"
  resolved "https://registry.npmjs.org/deep-equal/-/deep-equal-1.1.1.tgz"
  integrity sha512-yd9c5AdiqVcR+JjcwUQb9DkhJc8ngNr0MahEBGvDiJw8puWab2yZlh+nkasOnZP+EGTAP6rRp2JzJhJZzvNF8g==
  dependencies:
    is-arguments "^1.0.4"
    is-date-object "^1.0.1"
    is-regex "^1.0.4"
    object-is "^1.0.1"
    object-keys "^1.1.1"
    regexp.prototype.flags "^1.2.0"

define-properties@^1.1.3, define-properties@^1.2.0:
  version "1.2.0"
  resolved "https://registry.npmjs.org/define-properties/-/define-properties-1.2.0.tgz"
  integrity sha512-xvqAVKGfT1+UAvPwKTVw/njhdQ8ZhXK4lI0bCIuCMrp2up9nPnaDftrLtmpTazqd1o+UY4zgzU+avtMbDP+ldA==
  dependencies:
    has-property-descriptors "^1.0.0"
    object-keys "^1.1.1"

electron-to-chromium@^1.4.431:
  version "1.4.440"
  resolved "https://registry.npmjs.org/electron-to-chromium/-/electron-to-chromium-1.4.440.tgz"
  integrity sha512-r6dCgNpRhPwiWlxbHzZQ/d9swfPaEJGi8ekqRBwQYaR3WmA5VkqQfBWSDDjuJU1ntO+W9tHx8OHV/96Q8e0dVw==

esbuild@^0.18.6:
  version "0.18.6"
  resolved "https://registry.npmjs.org/esbuild/-/esbuild-0.18.6.tgz"
  integrity sha512-5QgxWaAhU/tPBpvkxUmnFv2YINHuZzjbk0LeUUnC2i3aJHjfi5yR49lgKgF7cb98bclOp/kans8M5TGbGFfJlQ==
  optionalDependencies:
    "@esbuild/android-arm" "0.18.6"
    "@esbuild/android-arm64" "0.18.6"
    "@esbuild/android-x64" "0.18.6"
    "@esbuild/darwin-arm64" "0.18.6"
    "@esbuild/darwin-x64" "0.18.6"
    "@esbuild/freebsd-arm64" "0.18.6"
    "@esbuild/freebsd-x64" "0.18.6"
    "@esbuild/linux-arm" "0.18.6"
    "@esbuild/linux-arm64" "0.18.6"
    "@esbuild/linux-ia32" "0.18.6"
    "@esbuild/linux-loong64" "0.18.6"
    "@esbuild/linux-mips64el" "0.18.6"
    "@esbuild/linux-ppc64" "0.18.6"
    "@esbuild/linux-riscv64" "0.18.6"
    "@esbuild/linux-s390x" "0.18.6"
    "@esbuild/linux-x64" "0.18.6"
    "@esbuild/netbsd-x64" "0.18.6"
    "@esbuild/openbsd-x64" "0.18.6"
    "@esbuild/sunos-x64" "0.18.6"
    "@esbuild/win32-arm64" "0.18.6"
    "@esbuild/win32-ia32" "0.18.6"
    "@esbuild/win32-x64" "0.18.6"

escalade@^3.1.1:
  version "3.1.1"
  resolved "https://registry.npmjs.org/escalade/-/escalade-3.1.1.tgz"
  integrity sha512-k0er2gUkLf8O0zKJiAhmkTnJlTvINGv7ygDNPbeIsX/TJjGJZHuh9B2UxbsaEkmlEo9MfhrSzmhIlhRlI2GXnw==

eventemitter3@^2.0.3:
  version "2.0.3"
  resolved "https://registry.npmjs.org/eventemitter3/-/eventemitter3-2.0.3.tgz"
  integrity sha512-jLN68Dx5kyFHaePoXWPsCGW5qdyZQtLYHkxkg02/Mz6g0kYpDx4FyP6XfArhQdlOC4b8Mv+EMxPo/8La7Tzghg==

extend@^3.0.2:
  version "3.0.2"
  resolved "https://registry.npmjs.org/extend/-/extend-3.0.2.tgz"
  integrity sha512-fjquC59cD7CyW6urNXK0FBufkZcoiGG80wTuPujX590cB5Ttln20E2UB4S/WARVqhXffZl2LNgS+gQdPIIim/g==

fast-diff@1.1.2:
  version "1.1.2"
  resolved "https://registry.npmjs.org/fast-diff/-/fast-diff-1.1.2.tgz"
  integrity sha512-KaJUt+M9t1qaIteSvjc6P3RbMdXsNhK61GRftR6SNxqmhthcd9MGIi4T+o0jD8LUSpSnSKXE20nLtJ3fOHxQig==

fraction.js@^4.2.0:
  version "4.2.0"
  resolved "https://registry.npmjs.org/fraction.js/-/fraction.js-4.2.0.tgz"
  integrity sha512-MhLuK+2gUcnZe8ZHlaaINnQLl0xRIGRfcGk2yl8xoQAfHrSsL3rYu6FCmBdkdbhc9EPlwyGHewaRsvwRMJtAlA==

function-bind@^1.1.1:
  version "1.1.1"
  resolved "https://registry.npmjs.org/function-bind/-/function-bind-1.1.1.tgz"
  integrity sha512-yIovAzMX49sF8Yl58fSCWJ5svSLuaibPxXQJFLmBObTuCr0Mf1KiPopGM9NiFjiYBCbfaa2Fh6breQ6ANVTI0A==

functions-have-names@^1.2.3:
  version "1.2.3"
  resolved "https://registry.npmjs.org/functions-have-names/-/functions-have-names-1.2.3.tgz"
  integrity sha512-xckBUXyTIqT97tq2x2AMb+g163b5JFysYk0x4qxNFwbfQkmNZoiRHb6sPzI9/QV33WeuvVYBUIiD4NzNIyqaRQ==

get-intrinsic@^1.0.2, get-intrinsic@^1.1.1:
  version "1.2.1"
  resolved "https://registry.npmjs.org/get-intrinsic/-/get-intrinsic-1.2.1.tgz"
  integrity sha512-2DcsyfABl+gVHEfCOaTrWgyt+tb6MSEGmKq+kI5HwLbIYgjgmMcV8KQ41uaKz1xxUcn9tJtgFbQUEVcEbd0FYw==
  dependencies:
    function-bind "^1.1.1"
    has "^1.0.3"
    has-proto "^1.0.1"
    has-symbols "^1.0.3"

has-property-descriptors@^1.0.0:
  version "1.0.0"
  resolved "https://registry.npmjs.org/has-property-descriptors/-/has-property-descriptors-1.0.0.tgz"
  integrity sha512-62DVLZGoiEBDHQyqG4w9xCuZ7eJEwNmJRWw2VY84Oedb7WFcA27fiEVe8oUQx9hAUJ4ekurquucTGwsyO1XGdQ==
  dependencies:
    get-intrinsic "^1.1.1"

has-proto@^1.0.1:
  version "1.0.1"
  resolved "https://registry.npmjs.org/has-proto/-/has-proto-1.0.1.tgz"
  integrity sha512-7qE+iP+O+bgF9clE5+UoBFzE65mlBiVj3tKCrlNQ0Ogwm0BjpT/gK4SlLYDMybDh5I3TCTKnPPa0oMG7JDYrhg==

has-symbols@^1.0.2, has-symbols@^1.0.3:
  version "1.0.3"
  resolved "https://registry.npmjs.org/has-symbols/-/has-symbols-1.0.3.tgz"
  integrity sha512-l3LCuF6MgDNwTDKkdYGEihYjt5pRPbEg46rtlmnSPlUbgmB8LOIrKJbYYFBSbnPaJexMKtiPO8hmeRjRz2Td+A==

has-tostringtag@^1.0.0:
  version "1.0.0"
  resolved "https://registry.npmjs.org/has-tostringtag/-/has-tostringtag-1.0.0.tgz"
  integrity sha512-kFjcSNhnlGV1kyoGk7OXKSawH5JOb/LzUc5w9B02hOTO0dfFRjbHQKvg1d6cf3HbeUmtU9VbbV3qzZ2Teh97WQ==
  dependencies:
    has-symbols "^1.0.2"

has@^1.0.3:
  version "1.0.3"
  resolved "https://registry.npmjs.org/has/-/has-1.0.3.tgz"
  integrity sha512-f2dvO0VU6Oej7RkWJGrehjbzMAjFp5/VKPp5tTpWIV4JHHZK1/BxbFRtf/siA2SWTe09caDmVtYYzWEIbBS4zw==
  dependencies:
    function-bind "^1.1.1"

is-arguments@^1.0.4:
  version "1.1.1"
  resolved "https://registry.npmjs.org/is-arguments/-/is-arguments-1.1.1.tgz"
  integrity sha512-8Q7EARjzEnKpt/PCD7e1cgUS0a6X8u5tdSiMqXhojOdoV9TsMsiO+9VLC5vAmO8N7/GmXn7yjR8qnA6bVAEzfA==
  dependencies:
    call-bind "^1.0.2"
    has-tostringtag "^1.0.0"

is-date-object@^1.0.1:
  version "1.0.5"
  resolved "https://registry.npmjs.org/is-date-object/-/is-date-object-1.0.5.tgz"
  integrity sha512-9YQaSxsAiSwcvS33MBk3wTCVnWK+HhF8VZR2jRxehM16QcVOdHqPn4VPHmRK4lSr38n9JriurInLcP90xsYNfQ==
  dependencies:
    has-tostringtag "^1.0.0"

is-regex@^1.0.4:
  version "1.1.4"
  resolved "https://registry.npmjs.org/is-regex/-/is-regex-1.1.4.tgz"
  integrity sha512-kvRdxDsxZjhzUX07ZnLydzS1TU/TJlTUHHY4YLL87e37oUA49DfkLqgy+VjFocowy29cKvcSiu+kIv728jTTVg==
  dependencies:
    call-bind "^1.0.2"
    has-tostringtag "^1.0.0"

nanoid@^3.3.6:
  version "3.3.6"
  resolved "https://registry.npmjs.org/nanoid/-/nanoid-3.3.6.tgz"
  integrity sha512-BGcqMMJuToF7i1rt+2PWSNVnWIkGCU78jBG3RxO/bZlnZPK2Cmi2QaffxGO/2RvWi9sL+FAiRiXMgsyxQ1DIDA==

node-releases@^2.0.12:
  version "2.0.12"
  resolved "https://registry.npmjs.org/node-releases/-/node-releases-2.0.12.tgz"
  integrity sha512-QzsYKWhXTWx8h1kIvqfnC++o0pEmpRQA/aenALsL2F4pqNVr7YzcdMlDij5WBnwftRbJCNJL/O7zdKaxKPHqgQ==

normalize-range@^0.1.2:
  version "0.1.2"
  resolved "https://registry.npmjs.org/normalize-range/-/normalize-range-0.1.2.tgz"
  integrity sha512-bdok/XvKII3nUpklnV6P2hxtMNrCboOjAcyBuQnWEhO665FwrSNRxU+AqpsyvO6LgGYPspN+lu5CLtw4jPRKNA==

object-is@^1.0.1:
  version "1.1.5"
  resolved "https://registry.npmjs.org/object-is/-/object-is-1.1.5.tgz"
  integrity sha512-3cyDsyHgtmi7I7DfSSI2LDp6SK2lwvtbg0p0R1e0RvTqF5ceGx+K2dfSjm1bKDMVCFEDAQvy+o8c6a7VujOddw==
  dependencies:
    call-bind "^1.0.2"
    define-properties "^1.1.3"

object-keys@^1.1.1:
  version "1.1.1"
  resolved "https://registry.npmjs.org/object-keys/-/object-keys-1.1.1.tgz"
  integrity sha512-NuAESUOUMrlIXOfHKzD6bpPu3tYt3xvjNdRIQ+FeT0lNb4K8WR70CaDxhuNguS2XG+GjkyMwOzsN5ZktImfhLA==

parchment@^1.1.4:
  version "1.1.4"
  resolved "https://registry.npmjs.org/parchment/-/parchment-1.1.4.tgz"
  integrity sha512-J5FBQt/pM2inLzg4hEWmzQx/8h8D0CiDxaG3vyp9rKrQRSDgBlhjdP5jQGgosEajXPSQouXGHOmVdgo7QmJuOg==

picocolors@^1.0.0:
  version "1.0.0"
  resolved "https://registry.npmjs.org/picocolors/-/picocolors-1.0.0.tgz"
  integrity sha512-1fygroTLlHu66zi26VoTDv8yRgm0Fccecssto+MhsZ0D/DGW2sm8E8AjW7NU5VVTRt5GxbeZ5qBuJr+HyLYkjQ==

postcss-value-parser@^4.2.0:
  version "4.2.0"
  resolved "https://registry.npmjs.org/postcss-value-parser/-/postcss-value-parser-4.2.0.tgz"
  integrity sha512-1NNCs6uurfkVbeXG4S8JFT9t19m45ICnif8zWLd5oPSZ50QnwMfK+H3jv408d4jw/7Bttv5axS5IiHoLaVNHeQ==

postcss@^8.1.0, postcss@^8.4.24:
  version "8.4.24"
  resolved "https://registry.npmjs.org/postcss/-/postcss-8.4.24.tgz"
  integrity sha512-M0RzbcI0sO/XJNucsGjvWU9ERWxb/ytp1w6dKtxTKgixdtQDq4rmx/g8W1hnaheq9jgwL/oyEdH5Bc4WwJKMqg==
  dependencies:
    nanoid "^3.3.6"
    picocolors "^1.0.0"
    source-map-js "^1.0.2"

quill-delta@^3.6.2:
  version "3.6.3"
  resolved "https://registry.npmjs.org/quill-delta/-/quill-delta-3.6.3.tgz"
  integrity sha512-wdIGBlcX13tCHOXGMVnnTVFtGRLoP0imqxM696fIPwIf5ODIYUHIvHbZcyvGlZFiFhK5XzDC2lpjbxRhnM05Tg==
  dependencies:
    deep-equal "^1.0.1"
    extend "^3.0.2"
    fast-diff "1.1.2"

quill@^1.3.7:
  version "1.3.7"
  resolved "https://registry.npmjs.org/quill/-/quill-1.3.7.tgz"
  integrity sha512-hG/DVzh/TiknWtE6QmWAF/pxoZKYxfe3J/d/+ShUWkDvvkZQVTPeVmUJVu1uE6DDooC4fWTiCLh84ul89oNz5g==
  dependencies:
    clone "^2.1.1"
    deep-equal "^1.0.1"
    eventemitter3 "^2.0.3"
    extend "^3.0.2"
    parchment "^1.1.4"
    quill-delta "^3.6.2"

regexp.prototype.flags@^1.2.0:
  version "1.5.0"
  resolved "https://registry.npmjs.org/regexp.prototype.flags/-/regexp.prototype.flags-1.5.0.tgz"
  integrity sha512-0SutC3pNudRKgquxGoRGIz946MZVHqbNfPjBdxeOhBrdgDKlRoXmYLQN9xRbrR09ZXWeGAdPuif7egofn6v5LA==
  dependencies:
    call-bind "^1.0.2"
    define-properties "^1.2.0"
    functions-have-names "^1.2.3"

source-map-js@^1.0.2:
  version "1.0.2"
  resolved "https://registry.npmjs.org/source-map-js/-/source-map-js-1.0.2.tgz"
  integrity sha512-R0XvVJ9WusLiqTCEiGCmICCMplcCkIwwR11mOSD9CR5u+IXYdiseeEuXCVAjS54zqwkLcPNnmU4OeJ6tUrWhDw==

update-browserslist-db@^1.0.11:
  version "1.0.11"
  resolved "https://registry.npmjs.org/update-browserslist-db/-/update-browserslist-db-1.0.11.tgz"
  integrity sha512-dCwEFf0/oT85M1fHBg4F0jtLwJrutGoHSQXCh7u4o2t1drG+c0a9Flnqww6XUKSfQMPpJBRjU8d4RXB09qtvaA==
  dependencies:
    escalade "^3.1.1"
    picocolors "^1.0.0"
